
Microsoft Visual Studio Solution File, Format Version 12.00
# Visual Studio 15
VisualStudioVersion = 15.0.28307.572
MinimumVisualStudioVersion = 10.0.40219.1
Project("{FAE04EC0-301F-11D3-BF4B-00C04F79EFBC}") = "ICT710_app5", "ICT710_app5\ICT710_app5.csproj", "{79F54277-841A-4E39-895A-CC6144249E7D}"
EndProject
Global
	GlobalSection(SolutionConfigurationPlatforms) = preSolution
		Debug|Any CPU = Debug|Any CPU
		Release|Any CPU = Release|Any CPU
	EndGlobalSection
	GlobalSection(ProjectConfigurationPlatforms) = postSolution
		{79F54277-841A-4E39-895A-CC6144249E7D}.Debug|Any CPU.ActiveCfg = Debug|Any CPU
		{79F54277-841A-4E39-895A-CC6144249E7D}.Debug|Any CPU.Build.0 = Debug|Any CPU
		{79F54277-841A-4E39-895A-CC6144249E7D}.Release|Any CPU.ActiveCfg = Release|Any CPU
		{79F54277-841A-4E39-895A-CC6144249E7D}.Release|Any CPU.Build.0 = Release|Any CPU
	EndGlobalSection
	GlobalSection(SolutionProperties) = preSolution
		HideSolutionNode = FALSE
	EndGlobalSection
	GlobalSection(ExtensibilityGlobals) = postSolution
		SolutionGuid = {3A0E1421-1103-4732-AF04-CD875C404B11}
	EndGlobalSection
EndGlobal
